
Microsoft Visual Studio Solution File, Format Version 12.00
# Visual Studio Version 17
VisualStudioVersion = 17.5.33516.290
MinimumVisualStudioVersion = 10.0.40219.1
Project("{2150E333-8FDC-42A3-9474-1A3956D46DE8}") = "src", "src", "{D3F2B04A-33F3-40A8-977E-8AB6B4F7F694}"
EndProject
Project("{2150E333-8FDC-42A3-9474-1A3956D46DE8}") = "tests", "tests", "{998E97C0-E342-46C4-9C79-88FAD37BC135}"
EndProject
Project("{2150E333-8FDC-42A3-9474-1A3956D46DE8}") = "Presentation", "Presentation", "{569CC470-9462-4D90-BF61-C56980570FDC}"
EndProject
Project("{2150E333-8FDC-42A3-9474-1A3956D46DE8}") = "Domain", "Domain", "{E7B555A1-B3CD-4EB1-9478-659A27CFAA25}"
EndProject
Project("{2150E333-8FDC-42A3-9474-1A3956D46DE8}") = "Application", "Application", "{ECDE6BF7-B8BD-4316-8DC8-838E7DE10303}"
EndProject
Project("{2150E333-8FDC-42A3-9474-1A3956D46DE8}") = "Infrastructure", "Infrastructure", "{6B302E3E-0933-462F-8CA3-685CED0A9488}"
EndProject
Project("{FAE04EC0-301F-11D3-BF4B-00C04F79EFBC}") = "PetsWebApp.Web", "src\Presentation\PetsWebApp.Web\PetsWebApp.Web.csproj", "{26155811-746D-4E13-B170-3468FDEAB53B}"
EndProject
Project("{FAE04EC0-301F-11D3-BF4B-00C04F79EFBC}") = "PetsWebApp.Infrastructure", "src\Infrastructure\PetsWebApp.Infrastructure\PetsWebApp.Infrastructure.csproj", "{1FC1B429-01A8-4932-B71B-D047E8DD5353}"
EndProject
Project("{FAE04EC0-301F-11D3-BF4B-00C04F79EFBC}") = "PetsWebApp.Application", "src\Application\PetsWebApp.Application\PetsWebApp.Application.csproj", "{CEE42652-8531-47AE-BC9D-DEA3A33B3A03}"
EndProject
Project("{FAE04EC0-301F-11D3-BF4B-00C04F79EFBC}") = "PetsWebApp.Core", "src\Domain\PetsWebApp.Core\PetsWebApp.Core.csproj", "{CD395DE9-4CB0-4797-BEE6-C0B7040A3209}"
EndProject
Project("{2150E333-8FDC-42A3-9474-1A3956D46DE8}") = "Application", "Application", "{A9B5942C-0A1C-410B-B207-0B6D49CB0F6A}"
EndProject
Project("{2150E333-8FDC-42A3-9474-1A3956D46DE8}") = "Domain", "Domain", "{ACADEFC9-64E6-46D1-9DA0-BFF41B7664FD}"
EndProject
Project("{2150E333-8FDC-42A3-9474-1A3956D46DE8}") = "Infrastructure", "Infrastructure", "{2D8EF2E6-1F88-47BD-BA7C-15C9B4439D22}"
EndProject
Project("{2150E333-8FDC-42A3-9474-1A3956D46DE8}") = "Presentation", "Presentation", "{45188B72-C398-4F85-A467-BAE991A9C207}"
EndProject
Project("{FAE04EC0-301F-11D3-BF4B-00C04F79EFBC}") = "PetsWebApp.Application.Tests", "tests\Application\PetsWebApp.Application.Tests\PetsWebApp.Application.Tests.csproj", "{1516D981-F2D3-4C74-A2B3-B691105F50D6}"
EndProject
Project("{FAE04EC0-301F-11D3-BF4B-00C04F79EFBC}") = "PetsWebApp.Core.Tests", "tests\Domain\PetsWebApp.Core.Tests\PetsWebApp.Core.Tests.csproj", "{247D733D-1801-4CAD-AA5D-902757EF765F}"
EndProject
Project("{FAE04EC0-301F-11D3-BF4B-00C04F79EFBC}") = "PetsWebApp.Infrastructure.Tests", "tests\Infrastructure\PetsWebApp.Infrastructure.Tests\PetsWebApp.Infrastructure.Tests.csproj", "{58ECEF8D-3997-4702-83F5-4A9C0065B593}"
EndProject
Project("{FAE04EC0-301F-11D3-BF4B-00C04F79EFBC}") = "PetsWebApp.Web.Tests", "tests\Presentation\PetsWebApp.Web.Tests\PetsWebApp.Web.Tests.csproj", "{5226F5DD-CA4C-4230-89B1-2D15E02722C4}"
EndProject
Project("{2150E333-8FDC-42A3-9474-1A3956D46DE8}") = "Solution Items", "Solution Items", "{C067294D-E6A6-4BB8-9A8C-B5860945B7A7}"
	ProjectSection(SolutionItems) = preProject
		README.md = README.md
	EndProjectSection
EndProject
Global
	GlobalSection(SolutionConfigurationPlatforms) = preSolution
		Debug|Any CPU = Debug|Any CPU
		Release|Any CPU = Release|Any CPU
	EndGlobalSection
	GlobalSection(ProjectConfigurationPlatforms) = postSolution
		{26155811-746D-4E13-B170-3468FDEAB53B}.Debug|Any CPU.ActiveCfg = Debug|Any CPU
		{26155811-746D-4E13-B170-3468FDEAB53B}.Debug|Any CPU.Build.0 = Debug|Any CPU
		{26155811-746D-4E13-B170-3468FDEAB53B}.Release|Any CPU.ActiveCfg = Release|Any CPU
		{26155811-746D-4E13-B170-3468FDEAB53B}.Release|Any CPU.Build.0 = Release|Any CPU
		{1FC1B429-01A8-4932-B71B-D047E8DD5353}.Debug|Any CPU.ActiveCfg = Debug|Any CPU
		{1FC1B429-01A8-4932-B71B-D047E8DD5353}.Debug|Any CPU.Build.0 = Debug|Any CPU
		{1FC1B429-01A8-4932-B71B-D047E8DD5353}.Release|Any CPU.ActiveCfg = Release|Any CPU
		{1FC1B429-01A8-4932-B71B-D047E8DD5353}.Release|Any CPU.Build.0 = Release|Any CPU
		{CEE42652-8531-47AE-BC9D-DEA3A33B3A03}.Debug|Any CPU.ActiveCfg = Debug|Any CPU
		{CEE42652-8531-47AE-BC9D-DEA3A33B3A03}.Debug|Any CPU.Build.0 = Debug|Any CPU
		{CEE42652-8531-47AE-BC9D-DEA3A33B3A03}.Release|Any CPU.ActiveCfg = Release|Any CPU
		{CEE42652-8531-47AE-BC9D-DEA3A33B3A03}.Release|Any CPU.Build.0 = Release|Any CPU
		{CD395DE9-4CB0-4797-BEE6-C0B7040A3209}.Debug|Any CPU.ActiveCfg = Debug|Any CPU
		{CD395DE9-4CB0-4797-BEE6-C0B7040A3209}.Debug|Any CPU.Build.0 = Debug|Any CPU
		{CD395DE9-4CB0-4797-BEE6-C0B7040A3209}.Release|Any CPU.ActiveCfg = Release|Any CPU
		{CD395DE9-4CB0-4797-BEE6-C0B7040A3209}.Release|Any CPU.Build.0 = Release|Any CPU
		{1516D981-F2D3-4C74-A2B3-B691105F50D6}.Debug|Any CPU.ActiveCfg = Debug|Any CPU
		{1516D981-F2D3-4C74-A2B3-B691105F50D6}.Debug|Any CPU.Build.0 = Debug|Any CPU
		{1516D981-F2D3-4C74-A2B3-B691105F50D6}.Release|Any CPU.ActiveCfg = Release|Any CPU
		{1516D981-F2D3-4C74-A2B3-B691105F50D6}.Release|Any CPU.Build.0 = Release|Any CPU
		{247D733D-1801-4CAD-AA5D-902757EF765F}.Debug|Any CPU.ActiveCfg = Debug|Any CPU
		{247D733D-1801-4CAD-AA5D-902757EF765F}.Debug|Any CPU.Build.0 = Debug|Any CPU
		{247D733D-1801-4CAD-AA5D-902757EF765F}.Release|Any CPU.ActiveCfg = Release|Any CPU
		{247D733D-1801-4CAD-AA5D-902757EF765F}.Release|Any CPU.Build.0 = Release|Any CPU
		{58ECEF8D-3997-4702-83F5-4A9C0065B593}.Debug|Any CPU.ActiveCfg = Debug|Any CPU
		{58ECEF8D-3997-4702-83F5-4A9C0065B593}.Debug|Any CPU.Build.0 = Debug|Any CPU
		{58ECEF8D-3997-4702-83F5-4A9C0065B593}.Release|Any CPU.ActiveCfg = Release|Any CPU
		{58ECEF8D-3997-4702-83F5-4A9C0065B593}.Release|Any CPU.Build.0 = Release|Any CPU
		{5226F5DD-CA4C-4230-89B1-2D15E02722C4}.Debug|Any CPU.ActiveCfg = Debug|Any CPU
		{5226F5DD-CA4C-4230-89B1-2D15E02722C4}.Debug|Any CPU.Build.0 = Debug|Any CPU
		{5226F5DD-CA4C-4230-89B1-2D15E02722C4}.Release|Any CPU.ActiveCfg = Release|Any CPU
		{5226F5DD-CA4C-4230-89B1-2D15E02722C4}.Release|Any CPU.Build.0 = Release|Any CPU
	EndGlobalSection
	GlobalSection(SolutionProperties) = preSolution
		HideSolutionNode = FALSE
	EndGlobalSection
	GlobalSection(NestedProjects) = preSolution
		{569CC470-9462-4D90-BF61-C56980570FDC} = {D3F2B04A-33F3-40A8-977E-8AB6B4F7F694}
		{E7B555A1-B3CD-4EB1-9478-659A27CFAA25} = {D3F2B04A-33F3-40A8-977E-8AB6B4F7F694}
		{ECDE6BF7-B8BD-4316-8DC8-838E7DE10303} = {D3F2B04A-33F3-40A8-977E-8AB6B4F7F694}
		{6B302E3E-0933-462F-8CA3-685CED0A9488} = {D3F2B04A-33F3-40A8-977E-8AB6B4F7F694}
		{26155811-746D-4E13-B170-3468FDEAB53B} = {569CC470-9462-4D90-BF61-C56980570FDC}
		{1FC1B429-01A8-4932-B71B-D047E8DD5353} = {6B302E3E-0933-462F-8CA3-685CED0A9488}
		{CEE42652-8531-47AE-BC9D-DEA3A33B3A03} = {ECDE6BF7-B8BD-4316-8DC8-838E7DE10303}
		{CD395DE9-4CB0-4797-BEE6-C0B7040A3209} = {E7B555A1-B3CD-4EB1-9478-659A27CFAA25}
		{A9B5942C-0A1C-410B-B207-0B6D49CB0F6A} = {998E97C0-E342-46C4-9C79-88FAD37BC135}
		{ACADEFC9-64E6-46D1-9DA0-BFF41B7664FD} = {998E97C0-E342-46C4-9C79-88FAD37BC135}
		{2D8EF2E6-1F88-47BD-BA7C-15C9B4439D22} = {998E97C0-E342-46C4-9C79-88FAD37BC135}
		{45188B72-C398-4F85-A467-BAE991A9C207} = {998E97C0-E342-46C4-9C79-88FAD37BC135}
		{1516D981-F2D3-4C74-A2B3-B691105F50D6} = {A9B5942C-0A1C-410B-B207-0B6D49CB0F6A}
		{247D733D-1801-4CAD-AA5D-902757EF765F} = {ACADEFC9-64E6-46D1-9DA0-BFF41B7664FD}
		{58ECEF8D-3997-4702-83F5-4A9C0065B593} = {2D8EF2E6-1F88-47BD-BA7C-15C9B4439D22}
		{5226F5DD-CA4C-4230-89B1-2D15E02722C4} = {45188B72-C398-4F85-A467-BAE991A9C207}
	EndGlobalSection
	GlobalSection(ExtensibilityGlobals) = postSolution
		SolutionGuid = {C737042A-A7D3-4E52-87CA-15B738B3BCED}
	EndGlobalSection
EndGlobal
